
Microsoft Visual Studio Solution File, Format Version 12.00
# Visual Studio Version 16
VisualStudioVersion = 16.0.33027.164
MinimumVisualStudioVersion = 10.0.40219.1
Project("{FAE04EC0-301F-11D3-BF4B-00C04F79EFBC}") = "MvcStudentCrud", "MvcStudentCrud\MvcStudentCrud.csproj", "{74F42D14-8CA2-46C8-AE93-DFA036581326}"
EndProject
Project("{FAE04EC0-301F-11D3-BF4B-00C04F79EFBC}") = "StudentDb", "StudentDb\StudentDb.csproj", "{C110D40E-B542-4448-B2EB-31E30A3744A8}"
EndProject
Global
	GlobalSection(SolutionConfigurationPlatforms) = preSolution
		Debug|Any CPU = Debug|Any CPU
		Release|Any CPU = Release|Any CPU
	EndGlobalSection
	GlobalSection(ProjectConfigurationPlatforms) = postSolution
		{74F42D14-8CA2-46C8-AE93-DFA036581326}.Debug|Any CPU.ActiveCfg = Debug|Any CPU
		{74F42D14-8CA2-46C8-AE93-DFA036581326}.Debug|Any CPU.Build.0 = Debug|Any CPU
		{74F42D14-8CA2-46C8-AE93-DFA036581326}.Release|Any CPU.ActiveCfg = Release|Any CPU
		{74F42D14-8CA2-46C8-AE93-DFA036581326}.Release|Any CPU.Build.0 = Release|Any CPU
		{C110D40E-B542-4448-B2EB-31E30A3744A8}.Debug|Any CPU.ActiveCfg = Debug|Any CPU
		{C110D40E-B542-4448-B2EB-31E30A3744A8}.Debug|Any CPU.Build.0 = Debug|Any CPU
		{C110D40E-B542-4448-B2EB-31E30A3744A8}.Release|Any CPU.ActiveCfg = Release|Any CPU
		{C110D40E-B542-4448-B2EB-31E30A3744A8}.Release|Any CPU.Build.0 = Release|Any CPU
	EndGlobalSection
	GlobalSection(SolutionProperties) = preSolution
		HideSolutionNode = FALSE
	EndGlobalSection
	GlobalSection(ExtensibilityGlobals) = postSolution
		SolutionGuid = {FE559011-E49E-4A49-8C49-A333723BD256}
	EndGlobalSection
EndGlobal
